
Microsoft Visual Studio Solution File, Format Version 12.00
# Visual Studio Version 17
VisualStudioVersion = 17.2.32616.157
MinimumVisualStudioVersion = 10.0.40219.1
Project("{FAE04EC0-301F-11D3-BF4B-00C04F79EFBC}") = "CoolGuessUpDown.Api", "CoolGuessUpDown.Api\CoolGuessUpDown.Api.csproj", "{BCC1A537-10B7-428D-9211-0A1471A433FA}"
EndProject
Project("{FAE04EC0-301F-11D3-BF4B-00C04F79EFBC}") = "CoolGuessUpDown.Core", "CoolGuessUpDown.Core\CoolGuessUpDown.Core.csproj", "{7E4004C2-6C17-46FD-92C0-D83BB0AEC833}"
EndProject
Project("{FAE04EC0-301F-11D3-BF4B-00C04F79EFBC}") = "CoolGuessUpDown.Infrastructure", "CoolGuessUpDown.Infrastructure\CoolGuessUpDown.Infrastructure.csproj", "{36F50DF6-ED6C-475D-82F9-8D841C86B681}"
EndProject
Global
	GlobalSection(SolutionConfigurationPlatforms) = preSolution
		Debug|Any CPU = Debug|Any CPU
		Release|Any CPU = Release|Any CPU
	EndGlobalSection
	GlobalSection(ProjectConfigurationPlatforms) = postSolution
		{BCC1A537-10B7-428D-9211-0A1471A433FA}.Debug|Any CPU.ActiveCfg = Debug|Any CPU
		{BCC1A537-10B7-428D-9211-0A1471A433FA}.Debug|Any CPU.Build.0 = Debug|Any CPU
		{BCC1A537-10B7-428D-9211-0A1471A433FA}.Release|Any CPU.ActiveCfg = Release|Any CPU
		{BCC1A537-10B7-428D-9211-0A1471A433FA}.Release|Any CPU.Build.0 = Release|Any CPU
		{7E4004C2-6C17-46FD-92C0-D83BB0AEC833}.Debug|Any CPU.ActiveCfg = Debug|Any CPU
		{7E4004C2-6C17-46FD-92C0-D83BB0AEC833}.Debug|Any CPU.Build.0 = Debug|Any CPU
		{7E4004C2-6C17-46FD-92C0-D83BB0AEC833}.Release|Any CPU.ActiveCfg = Release|Any CPU
		{7E4004C2-6C17-46FD-92C0-D83BB0AEC833}.Release|Any CPU.Build.0 = Release|Any CPU
		{36F50DF6-ED6C-475D-82F9-8D841C86B681}.Debug|Any CPU.ActiveCfg = Debug|Any CPU
		{36F50DF6-ED6C-475D-82F9-8D841C86B681}.Debug|Any CPU.Build.0 = Debug|Any CPU
		{36F50DF6-ED6C-475D-82F9-8D841C86B681}.Release|Any CPU.ActiveCfg = Release|Any CPU
		{36F50DF6-ED6C-475D-82F9-8D841C86B681}.Release|Any CPU.Build.0 = Release|Any CPU
	EndGlobalSection
	GlobalSection(SolutionProperties) = preSolution
		HideSolutionNode = FALSE
	EndGlobalSection
	GlobalSection(ExtensibilityGlobals) = postSolution
		SolutionGuid = {59F4188F-AA1A-49A3-AAA1-85B2B86F22DC}
	EndGlobalSection
EndGlobal
